
Microsoft Visual Studio Solution File, Format Version 12.00
# Visual Studio Version 16
VisualStudioVersion = 16.0.29609.76
MinimumVisualStudioVersion = 10.0.40219.1
Project("{FAE04EC0-301F-11D3-BF4B-00C04F79EFBC}") = "JsonEncryption", "JsonEncryption\JsonEncryption.csproj", "{936769ED-E627-4664-A221-8B1E5FDDD6BA}"
EndProject
Global
	GlobalSection(SolutionConfigurationPlatforms) = preSolution
		Debug|Any CPU = Debug|Any CPU
		Release|Any CPU = Release|Any CPU
	EndGlobalSection
	GlobalSection(ProjectConfigurationPlatforms) = postSolution
		{936769ED-E627-4664-A221-8B1E5FDDD6BA}.Debug|Any CPU.ActiveCfg = Debug|Any CPU
		{936769ED-E627-4664-A221-8B1E5FDDD6BA}.Debug|Any CPU.Build.0 = Debug|Any CPU
		{936769ED-E627-4664-A221-8B1E5FDDD6BA}.Release|Any CPU.ActiveCfg = Release|Any CPU
		{936769ED-E627-4664-A221-8B1E5FDDD6BA}.Release|Any CPU.Build.0 = Release|Any CPU
	EndGlobalSection
	GlobalSection(SolutionProperties) = preSolution
		HideSolutionNode = FALSE
	EndGlobalSection
	GlobalSection(ExtensibilityGlobals) = postSolution
		SolutionGuid = {01A39885-0736-4F5A-804A-FDFCBF22E846}
	EndGlobalSection
EndGlobal
